{
  "name": "deep-array-filter",
  "version": "1.0.0",
  "lockfileVersion": 1,
  "requires": true,
  "dependencies": {
    "flatten-unflatten": {
      "version": "1.0.0",
      "resolved": "https://registry.npmjs.org/flatten-unflatten/-/flatten-unflatten-1.0.0.tgz",
      "integrity": "sha1-Rb8I7/mAVDW2pdXG/nt0ouvrVw0=",
      "requires": {
        "set-nested-prop": "^2.0.0"
      }
    },
    "set-nested-prop": {
      "version": "2.0.0",
      "resolved": "https://registry.npmjs.org/set-nested-prop/-/set-nested-prop-2.0.0.tgz",
      "integrity": "sha1-QAnbg0RfPCS+pNHm6exkrhb2i6g="
    }
  }
}
